
Microsoft Visual Studio Solution File, Format Version 12.00
# Visual Studio Version 16
VisualStudioVersion = 16.0.33423.256
MinimumVisualStudioVersion = 10.0.40219.1
Project("{FAE04EC0-301F-11D3-BF4B-00C04F79EFBC}") = "Shkatylka", "Shkatylka\Shkatylka.csproj", "{13924530-BF15-4B72-9234-6E600BAD6E39}"
EndProject
Global
	GlobalSection(SolutionConfigurationPlatforms) = preSolution
		Debug|Any CPU = Debug|Any CPU
		Release|Any CPU = Release|Any CPU
	EndGlobalSection
	GlobalSection(ProjectConfigurationPlatforms) = postSolution
		{13924530-BF15-4B72-9234-6E600BAD6E39}.Debug|Any CPU.ActiveCfg = Debug|Any CPU
		{13924530-BF15-4B72-9234-6E600BAD6E39}.Debug|Any CPU.Build.0 = Debug|Any CPU
		{13924530-BF15-4B72-9234-6E600BAD6E39}.Release|Any CPU.ActiveCfg = Release|Any CPU
		{13924530-BF15-4B72-9234-6E600BAD6E39}.Release|Any CPU.Build.0 = Release|Any CPU
	EndGlobalSection
	GlobalSection(SolutionProperties) = preSolution
		HideSolutionNode = FALSE
	EndGlobalSection
	GlobalSection(ExtensibilityGlobals) = postSolution
		SolutionGuid = {77BABF44-8760-493B-815D-FEB4D9573FC0}
	EndGlobalSection
EndGlobal
